
Microsoft Visual Studio Solution File, Format Version 12.00
# Visual Studio 2015
Project("{FAE04EC0-301F-11D3-BF4B-00C04F79EFBC}") = "Hearthstone - VerticalSlice", "Hearthstone - VerticalSlice.csproj", "{0895BC97-1936-B766-2A13-30AB059F144E}"
EndProject
Global
	GlobalSection(SolutionConfigurationPlatforms) = preSolution
		Debug|Any CPU = Debug|Any CPU
		Release|Any CPU = Release|Any CPU
	EndGlobalSection
	GlobalSection(ProjectConfigurationPlatforms) = postSolution
		{0895BC97-1936-B766-2A13-30AB059F144E}.Debug|Any CPU.ActiveCfg = Debug|Any CPU
		{0895BC97-1936-B766-2A13-30AB059F144E}.Debug|Any CPU.Build.0 = Debug|Any CPU
		{0895BC97-1936-B766-2A13-30AB059F144E}.Release|Any CPU.ActiveCfg = Release|Any CPU
		{0895BC97-1936-B766-2A13-30AB059F144E}.Release|Any CPU.Build.0 = Release|Any CPU
	EndGlobalSection
	GlobalSection(SolutionProperties) = preSolution
		HideSolutionNode = FALSE
	EndGlobalSection
EndGlobal
