
Microsoft Visual Studio Solution File, Format Version 12.00
# Visual Studio 2015
Project("{FAE04EC0-301F-11D3-BF4B-00C04F79EFBC}") = "HeartStone3.0", "HeartStone3.0.csproj", "{F1AFD151-ACFB-BDC3-C8AC-B1730B023077}"
EndProject
Global
	GlobalSection(SolutionConfigurationPlatforms) = preSolution
		Debug|Any CPU = Debug|Any CPU
		Release|Any CPU = Release|Any CPU
	EndGlobalSection
	GlobalSection(ProjectConfigurationPlatforms) = postSolution
		{F1AFD151-ACFB-BDC3-C8AC-B1730B023077}.Debug|Any CPU.ActiveCfg = Debug|Any CPU
		{F1AFD151-ACFB-BDC3-C8AC-B1730B023077}.Debug|Any CPU.Build.0 = Debug|Any CPU
		{F1AFD151-ACFB-BDC3-C8AC-B1730B023077}.Release|Any CPU.ActiveCfg = Release|Any CPU
		{F1AFD151-ACFB-BDC3-C8AC-B1730B023077}.Release|Any CPU.Build.0 = Release|Any CPU
	EndGlobalSection
	GlobalSection(SolutionProperties) = preSolution
		HideSolutionNode = FALSE
	EndGlobalSection
EndGlobal
